Microsoft Visual Studio Solution File, Format Version 12.00
# Visual Studio Version 17
VisualStudioVersion = 17.5.2.0
MinimumVisualStudioVersion = 10.0.40219.1
Project("{FAE04EC0-301F-11D3-BF4B-00C04F79EFBC}") = "api_avaliacao", "api_avaliacao.csproj", "{975B2F66-7D6F-A0F9-2D50-DBDFFFB8992E}"
EndProject
Global
	GlobalSection(SolutionConfigurationPlatforms) = preSolution
		Debug|Any CPU = Debug|Any CPU
		Release|Any CPU = Release|Any CPU
	EndGlobalSection
	GlobalSection(ProjectConfigurationPlatforms) = postSolution
		{975B2F66-7D6F-A0F9-2D50-DBDFFFB8992E}.Debug|Any CPU.ActiveCfg = Debug|Any CPU
		{975B2F66-7D6F-A0F9-2D50-DBDFFFB8992E}.Debug|Any CPU.Build.0 = Debug|Any CPU
		{975B2F66-7D6F-A0F9-2D50-DBDFFFB8992E}.Release|Any CPU.ActiveCfg = Release|Any CPU
		{975B2F66-7D6F-A0F9-2D50-DBDFFFB8992E}.Release|Any CPU.Build.0 = Release|Any CPU
	EndGlobalSection
	GlobalSection(SolutionProperties) = preSolution
		HideSolutionNode = FALSE
	EndGlobalSection
	GlobalSection(ExtensibilityGlobals) = postSolution
		SolutionGuid = {9F76F0DD-FCC0-4C06-A06F-96A844FC9EAE}
	EndGlobalSection
EndGlobal
